
Microsoft Visual Studio Solution File, Format Version 11.00
# Visual Studio 2010
# SharpDevelop 5.1
Project("{FAE04EC0-301F-11D3-BF4B-00C04F79EFBC}") = "jogo2D", "jogo2D\jogo2D.csproj", "{91CDC2A6-A927-4129-8A52-D6C1C8C320DF}"
EndProject
Global
	GlobalSection(SolutionConfigurationPlatforms) = preSolution
		Debug|Any CPU = Debug|Any CPU
		Release|Any CPU = Release|Any CPU
	EndGlobalSection
	GlobalSection(ProjectConfigurationPlatforms) = postSolution
		{91CDC2A6-A927-4129-8A52-D6C1C8C320DF}.Debug|Any CPU.ActiveCfg = Debug|Any CPU
		{91CDC2A6-A927-4129-8A52-D6C1C8C320DF}.Debug|Any CPU.Build.0 = Debug|Any CPU
		{91CDC2A6-A927-4129-8A52-D6C1C8C320DF}.Release|Any CPU.ActiveCfg = Release|Any CPU
		{91CDC2A6-A927-4129-8A52-D6C1C8C320DF}.Release|Any CPU.Build.0 = Release|Any CPU
	EndGlobalSection
EndGlobal
